
Microsoft Visual Studio Solution File, Format Version 12.00
# Visual Studio Version 17
VisualStudioVersion = 17.0.31903.59
MinimumVisualStudioVersion = 10.0.40219.1
Project("{FAE04EC0-301F-11D3-BF4B-00C04F79EFBC}") = "Text", "Text\Text.csproj", "{80B70829-D40C-462A-A46D-8890DE56DB66}"
EndProject
Project("{FAE04EC0-301F-11D3-BF4B-00C04F79EFBC}") = "Text.Tests", "Text.Tests\Text.Tests.csproj", "{4419E113-C7B8-493B-973C-FE451D533555}"
EndProject
Global
	GlobalSection(SolutionConfigurationPlatforms) = preSolution
		Debug|Any CPU = Debug|Any CPU
		Release|Any CPU = Release|Any CPU
	EndGlobalSection
	GlobalSection(SolutionProperties) = preSolution
		HideSolutionNode = FALSE
	EndGlobalSection
	GlobalSection(ProjectConfigurationPlatforms) = postSolution
		{80B70829-D40C-462A-A46D-8890DE56DB66}.Debug|Any CPU.ActiveCfg = Debug|Any CPU
		{80B70829-D40C-462A-A46D-8890DE56DB66}.Debug|Any CPU.Build.0 = Debug|Any CPU
		{80B70829-D40C-462A-A46D-8890DE56DB66}.Release|Any CPU.ActiveCfg = Release|Any CPU
		{80B70829-D40C-462A-A46D-8890DE56DB66}.Release|Any CPU.Build.0 = Release|Any CPU
		{4419E113-C7B8-493B-973C-FE451D533555}.Debug|Any CPU.ActiveCfg = Debug|Any CPU
		{4419E113-C7B8-493B-973C-FE451D533555}.Debug|Any CPU.Build.0 = Debug|Any CPU
		{4419E113-C7B8-493B-973C-FE451D533555}.Release|Any CPU.ActiveCfg = Release|Any CPU
		{4419E113-C7B8-493B-973C-FE451D533555}.Release|Any CPU.Build.0 = Release|Any CPU
	EndGlobalSection
EndGlobal
