
Microsoft Visual Studio Solution File, Format Version 12.00
# Visual Studio Version 17
VisualStudioVersion = 17.0.31903.59
MinimumVisualStudioVersion = 10.0.40219.1
Project("{FAE04EC0-301F-11D3-BF4B-00C04F79EFBC}") = "Text", "Text\Text.csproj", "{E26DD6AF-B32A-45F4-B0D8-D9D7F90CB42B}"
EndProject
Project("{FAE04EC0-301F-11D3-BF4B-00C04F79EFBC}") = "Text.Tests", "Text.Tests\Text.Tests.csproj", "{A6F495CB-DF4F-4A3B-9CDB-985BFA1C6081}"
EndProject
Global
	GlobalSection(SolutionConfigurationPlatforms) = preSolution
		Debug|Any CPU = Debug|Any CPU
		Release|Any CPU = Release|Any CPU
	EndGlobalSection
	GlobalSection(SolutionProperties) = preSolution
		HideSolutionNode = FALSE
	EndGlobalSection
	GlobalSection(ProjectConfigurationPlatforms) = postSolution
		{E26DD6AF-B32A-45F4-B0D8-D9D7F90CB42B}.Debug|Any CPU.ActiveCfg = Debug|Any CPU
		{E26DD6AF-B32A-45F4-B0D8-D9D7F90CB42B}.Debug|Any CPU.Build.0 = Debug|Any CPU
		{E26DD6AF-B32A-45F4-B0D8-D9D7F90CB42B}.Release|Any CPU.ActiveCfg = Release|Any CPU
		{E26DD6AF-B32A-45F4-B0D8-D9D7F90CB42B}.Release|Any CPU.Build.0 = Release|Any CPU
		{A6F495CB-DF4F-4A3B-9CDB-985BFA1C6081}.Debug|Any CPU.ActiveCfg = Debug|Any CPU
		{A6F495CB-DF4F-4A3B-9CDB-985BFA1C6081}.Debug|Any CPU.Build.0 = Debug|Any CPU
		{A6F495CB-DF4F-4A3B-9CDB-985BFA1C6081}.Release|Any CPU.ActiveCfg = Release|Any CPU
		{A6F495CB-DF4F-4A3B-9CDB-985BFA1C6081}.Release|Any CPU.Build.0 = Release|Any CPU
	EndGlobalSection
EndGlobal
